// !$*UTF8*$!
{
	archiveVersion = 1;
	classes = {
	};
	objectVersion = 51;
	objects = {

/* Begin PBXBuildFile section */
		8ED285C6B2DBD34C8A55C36C /* Pods_LoginWithRxSwift.framework in Frameworks */ = {isa = PBXBuildFile; fileRef = DDE80CAE2C04584E23F05F24 /* Pods_LoginWithRxSwift.framework */; };
		BC6E1E5B25509B630075B4C7 /* AppDelegate.swift in Sources */ = {isa = PBXBuildFile; fileRef = BC6E1E5A25509B630075B4C7 /* AppDelegate.swift */; };
		BC6E1E5D25509B630075B4C7 /* SceneDelegate.swift in Sources */ = {isa = PBXBuildFile; fileRef = BC6E1E5C25509B630075B4C7 /* SceneDelegate.swift */; };
		BC6E1E5F25509B630075B4C7 /* ViewController.swift in Sources */ = {isa = PBXBuildFile; fileRef = BC6E1E5E25509B630075B4C7 /* ViewController.swift */; };
		BC6E1E6225509B630075B4C7 /* Main.storyboard in Resources */ = {isa = PBXBuildFile; fileRef = BC6E1E6025509B630075B4C7 /* Main.storyboard */; };
		BC6E1E6425509B650075B4C7 /* Assets.xcassets in Resources */ = {isa = PBXBuildFile; fileRef = BC6E1E6325509B650075B4C7 /* Assets.xcassets */; };
		BC6E1E6725509B650075B4C7 /* LaunchScreen.storyboard in Resources */ = {isa = PBXBuildFile; fileRef = BC6E1E6525509B650075B4C7 /* LaunchScreen.storyboard */; };
		BC6E1E7B2550A0160075B4C7 /* LoginViewModel.swift in Sources */ = {isa = PBXBuildFile; fileRef = BC6E1E7A2550A0160075B4C7 /* LoginViewModel.swift */; };
/* End PBXBuildFile section */

/* Begin PBXFileReference section */
		B182C36F640FCBB343981705 /* Pods-LoginWithRxSwift.debug.xcconfig */ = {isa = PBXFileReference; includeInIndex = 1; lastKnownFileType = text.xcconfig; name = "Pods-LoginWithRxSwift.debug.xcconfig"; path = "Target Support Files/Pods-LoginWithRxSwift/Pods-LoginWithRxSwift.debug.xcconfig"; sourceTree = "<group>"; };
		BC6E1E5725509B630075B4C7 /* LoginWithRxSwift.app */ = {isa = PBXFileReference; explicitFileType = wrapper.application; includeInIndex = 0; path = LoginWithRxSwift.app; sourceTree = BUILT_PRODUCTS_DIR; };
		BC6E1E5A25509B630075B4C7 /* AppDelegate.swift */ = {isa = PBXFileReference; lastKnownFileType = sourcecode.swift; path = AppDelegate.swift; sourceTree = "<group>"; };
		BC6E1E5C25509B630075B4C7 /* SceneDelegate.swift */ = {isa = PBXFileReference; lastKnownFileType = sourcecode.swift; path = SceneDelegate.swift; sourceTree = "<group>"; };
		BC6E1E5E25509B630075B4C7 /* ViewController.swift */ = {isa = PBXFileReference; lastKnownFileType = sourcecode.swift; path = ViewController.swift; sourceTree = "<group>"; };
		BC6E1E6125509B630075B4C7 /* Base */ = {isa = PBXFileReference; lastKnownFileType = file.storyboard; name = Base; path = Base.lproj/Main.storyboard; sourceTree = "<group>"; };
		BC6E1E6325509B650075B4C7 /* Assets.xcassets */ = {isa = PBXFileReference; lastKnownFileType = folder.assetcatalog; path = Assets.xcassets; sourceTree = "<group>"; };
		BC6E1E6625509B650075B4C7 /* Base */ = {isa = PBXFileReference; lastKnownFileType = file.storyboard; name = Base; path = Base.lproj/LaunchScreen.storyboard; sourceTree = "<group>"; };
		BC6E1E6825509B650075B4C7 /* Info.plist */ = {isa = PBXFileReference; lastKnownFileType = text.plist.xml; path = Info.plist; sourceTree = "<group>"; };
		BC6E1E7A2550A0160075B4C7 /* LoginViewModel.swift */ = {isa = PBXFileReference; lastKnownFileType = sourcecode.swift; path = LoginViewModel.swift; sourceTree = "<group>"; };
		DDE80CAE2C04584E23F05F24 /* Pods_LoginWithRxSwift.framework */ = {isa = PBXFileReference; explicitFileType = wrapper.framework; includeInIndex = 0; path = Pods_LoginWithRxSwift.framework; sourceTree = BUILT_PRODUCTS_DIR; };
		F43E33A4D2DC80F69DB847F2 /* Pods-LoginWithRxSwift.release.xcconfig */ = {isa = PBXFileReference; includeInIndex = 1; lastKnownFileType = text.xcconfig; name = "Pods-LoginWithRxSwift.release.xcconfig"; path = "Target Support Files/Pods-LoginWithRxSwift/Pods-LoginWithRxSwift.release.xcconfig"; sourceTree = "<group>"; };
/* End PBXFileReference section */

/* Begin PBXFrameworksBuildPhase section */
		BC6E1E5425509B630075B4C7 /* Frameworks */ = {
			isa = PBXFrameworksBuildPhase;
			buildActionMask = 2147483647;
			files = (
				8ED285C6B2DBD34C8A55C36C /* Pods_LoginWithRxSwift.framework in Frameworks */,
			);
			runOnlyForDeploymentPostprocessing = 0;
		};
/* End PBXFrameworksBuildPhase section */

/* Begin PBXGroup section */
		0246FE9018F9EA9EB48FCF9B /* Pods */ = {
			isa = PBXGroup;
			children = (
				B182C36F640FCBB343981705 /* Pods-LoginWithRxSwift.debug.xcconfig */,
				F43E33A4D2DC80F69DB847F2 /* Pods-LoginWithRxSwift.release.xcconfig */,
			);
			path = Pods;
			sourceTree = "<group>";
		};
		9FE0C19010D5AFB4537A7662 /* Frameworks */ = {
			isa = PBXGroup;
			children = (
				DDE80CAE2C04584E23F05F24 /* Pods_LoginWithRxSwift.framework */,
			);
			name = Frameworks;
			sourceTree = "<group>";
		};
		BC6E1E4E25509B630075B4C7 = {
			isa = PBXGroup;
			children = (
				BC6E1E5925509B630075B4C7 /* LoginWithRxSwift */,
				BC6E1E5825509B630075B4C7 /* Products */,
				0246FE9018F9EA9EB48FCF9B /* Pods */,
				9FE0C19010D5AFB4537A7662 /* Frameworks */,
			);
			sourceTree = "<group>";
		};
		BC6E1E5825509B630075B4C7 /* Products */ = {
			isa = PBXGroup;
			children = (
				BC6E1E5725509B630075B4C7 /* LoginWithRxSwift.app */,
			);
			name = Products;
			sourceTree = "<group>";
		};
		BC6E1E5925509B630075B4C7 /* LoginWithRxSwift */ = {
			isa = PBXGroup;
			children = (
				BC6E1E7525509FBD0075B4C7 /* AppDelegate */,
				BC6E1E7425509FB20075B4C7 /* Login */,
				BC6E1E7925509FFA0075B4C7 /* Resources */,
				BC6E1E6525509B650075B4C7 /* LaunchScreen.storyboard */,
				BC6E1E6825509B650075B4C7 /* Info.plist */,
			);
			path = LoginWithRxSwift;
			sourceTree = "<group>";
		};
		BC6E1E7425509FB20075B4C7 /* Login */ = {
			isa = PBXGroup;
			children = (
				BC6E1E7825509FE10075B4C7 /* ViewModel */,
				BC6E1E7725509FDB0075B4C7 /* Model */,
				BC6E1E7625509FD40075B4C7 /* View */,
			);
			path = Login;
			sourceTree = "<group>";
		};
		BC6E1E7525509FBD0075B4C7 /* AppDelegate */ = {
			isa = PBXGroup;
			children = (
				BC6E1E5A25509B630075B4C7 /* AppDelegate.swift */,
				BC6E1E5C25509B630075B4C7 /* SceneDelegate.swift */,
			);
			path = AppDelegate;
			sourceTree = "<group>";
		};
		BC6E1E7625509FD40075B4C7 /* View */ = {
			isa = PBXGroup;
			children = (
				BC6E1E5E25509B630075B4C7 /* ViewController.swift */,
				BC6E1E6025509B630075B4C7 /* Main.storyboard */,
			);
			path = View;
			sourceTree = "<group>";
		};
		BC6E1E7725509FDB0075B4C7 /* Model */ = {
			isa = PBXGroup;
			children = (
				BC6E1E7A2550A0160075B4C7 /* LoginViewModel.swift */,
			);
			path = Model;
			sourceTree = "<group>";
		};
		BC6E1E7825509FE10075B4C7 /* ViewModel */ = {
			isa = PBXGroup;
			children = (
			);
			path = ViewModel;
			sourceTree = "<group>";
		};
		BC6E1E7925509FFA0075B4C7 /* Resources */ = {
			isa = PBXGroup;
			children = (
				BC6E1E6325509B650075B4C7 /* Assets.xcassets */,
			);
			path = Resources;
			sourceTree = "<group>";
		};
/* End PBXGroup section */

/* Begin PBXNativeTarget section */
		BC6E1E5625509B630075B4C7 /* LoginWithRxSwift */ = {
			isa = PBXNativeTarget;
			buildConfigurationList = BC6E1E6B25509B650075B4C7 /* Build configuration list for PBXNativeTarget "LoginWithRxSwift" */;
			buildPhases = (
				0C5AC15046B0954033187105 /* [CP] Check Pods Manifest.lock */,
				BC6E1E5325509B630075B4C7 /* Sources */,
				BC6E1E5425509B630075B4C7 /* Frameworks */,
				BC6E1E5525509B630075B4C7 /* Resources */,
				0F1A206C44622560B55027EC /* [CP] Embed Pods Frameworks */,
			);
			buildRules = (
			);
			dependencies = (
			);
			name = LoginWithRxSwift;
			productName = LoginWithRxSwift;
			productReference = BC6E1E5725509B630075B4C7 /* LoginWithRxSwift.app */;
			productType = "com.apple.product-type.application";
		};
/* End PBXNativeTarget section */

/* Begin PBXProject section */
		BC6E1E4F25509B630075B4C7 /* Project object */ = {
			isa = PBXProject;
			attributes = {
				LastSwiftUpdateCheck = 1210;
				LastUpgradeCheck = 1210;
				TargetAttributes = {
					BC6E1E5625509B630075B4C7 = {
						CreatedOnToolsVersion = 12.1;
					};
				};
			};
			buildConfigurationList = BC6E1E5225509B630075B4C7 /* Build configuration list for PBXProject "LoginWithRxSwift" */;
			compatibilityVersion = "Xcode 9.3";
			developmentRegion = en;
			hasScannedForEncodings = 0;
			knownRegions = (
				en,
				Base,
			);
			mainGroup = BC6E1E4E25509B630075B4C7;
			productRefGroup = BC6E1E5825509B630075B4C7 /* Products */;
			projectDirPath = "";
			projectRoot = "";
			targets = (
				BC6E1E5625509B630075B4C7 /* LoginWithRxSwift */,
			);
		};
/* End PBXProject section */

/* Begin PBXResourcesBuildPhase section */
		BC6E1E5525509B630075B4C7 /* Resources */ = {
			isa = PBXResourcesBuildPhase;
			buildActionMask = 2147483647;
			files = (
				BC6E1E6725509B650075B4C7 /* LaunchScreen.storyboard in Resources */,
				BC6E1E6425509B650075B4C7 /* Assets.xcassets in Resources */,
				BC6E1E6225509B630075B4C7 /* Main.storyboard in Resources */,
			);
			runOnlyForDeploymentPostprocessing = 0;
		};
/* End PBXResourcesBuildPhase section */

/* Begin PBXShellScriptBuildPhase section */
		0C5AC15046B0954033187105 /* [CP] Check Pods Manifest.lock */ = {
			isa = PBXShellScriptBuildPhase;
			buildActionMask = 2147483647;
			files = (
			);
			inputFileListPaths = (
			);
			inputPaths = (
				"${PODS_PODFILE_DIR_PATH}/Podfile.lock",
				"${PODS_ROOT}/Manifest.lock",
			);
			name = "[CP] Check Pods Manifest.lock";
			outputFileListPaths = (
			);
			outputPaths = (
				"$(DERIVED_FILE_DIR)/Pods-LoginWithRxSwift-checkManifestLockResult.txt",
			);
			runOnlyForDeploymentPostprocessing = 0;
			shellPath = /bin/sh;
			shellScript = "diff \"${PODS_PODFILE_DIR_PATH}/Podfile.lock\" \"${PODS_ROOT}/Manifest.lock\" > /dev/null\nif [ $? != 0 ] ; then\n    # print error to STDERR\n    echo \"error: The sandbox is not in sync with the Podfile.lock. Run 'pod install' or update your CocoaPods installation.\" >&2\n    exit 1\nfi\n# This output is used by Xcode 'outputs' to avoid re-running this script phase.\necho \"SUCCESS\" > \"${SCRIPT_OUTPUT_FILE_0}\"\n";
			showEnvVarsInLog = 0;
		};
		0F1A206C44622560B55027EC /* [CP] Embed Pods Frameworks */ = {
			isa = PBXShellScriptBuildPhase;
			buildActionMask = 2147483647;
			files = (
			);
			inputFileListPaths = (
				"${PODS_ROOT}/Target Support Files/Pods-LoginWithRxSwift/Pods-LoginWithRxSwift-frameworks-${CONFIGURATION}-input-files.xcfilelist",
			);
			name = "[CP] Embed Pods Frameworks";
			outputFileListPaths = (
				"${PODS_ROOT}/Target Support Files/Pods-LoginWithRxSwift/Pods-LoginWithRxSwift-frameworks-${CONFIGURATION}-output-files.xcfilelist",
			);
			runOnlyForDeploymentPostprocessing = 0;
			shellPath = /bin/sh;
			shellScript = "\"${PODS_ROOT}/Target Support Files/Pods-LoginWithRxSwift/Pods-LoginWithRxSwift-frameworks.sh\"\n";
			showEnvVarsInLog = 0;
		};
/* End PBXShellScriptBuildPhase section */

/* Begin PBXSourcesBuildPhase section */
		BC6E1E5325509B630075B4C7 /* Sources */ = {
			isa = PBXSourcesBuildPhase;
			buildActionMask = 2147483647;
			files = (
				BC6E1E7B2550A0160075B4C7 /* LoginViewModel.swift in Sources */,
				BC6E1E5F25509B630075B4C7 /* ViewController.swift in Sources */,
				BC6E1E5B25509B630075B4C7 /* AppDelegate.swift in Sources */,
				BC6E1E5D25509B630075B4C7 /* SceneDelegate.swift in Sources */,
			);
			runOnlyForDeploymentPostprocessing = 0;
		};
/* End PBXSourcesBuildPhase section */

/* Begin PBXVariantGroup section */
		BC6E1E6025509B630075B4C7 /* Main.storyboard */ = {
			isa = PBXVariantGroup;
			children = (
				BC6E1E6125509B630075B4C7 /* Base */,
			);
			name = Main.storyboard;
			sourceTree = "<group>";
		};
		BC6E1E6525509B650075B4C7 /* LaunchScreen.storyboard */ = {
			isa = PBXVariantGroup;
			children = (
				BC6E1E6625509B650075B4C7 /* Base */,
			);
			name = LaunchScreen.storyboard;
			sourceTree = "<group>";
		};
/* End PBXVariantGroup section */

/* Begin XCBuildConfiguration section */
		BC6E1E6925509B650075B4C7 /* Debug */ = {
			isa = XCBuildConfiguration;
			buildSettings = {
				ALWAYS_SEARCH_USER_PATHS = NO;
				CLANG_ANALYZER_NONNULL = YES;
				CLANG_ANALYZER_NUMBER_OBJECT_CONVERSION = YES_AGGRESSIVE;
				CLANG_CXX_LANGUAGE_STANDARD = "gnu++14";
				CLANG_CXX_LIBRARY = "libc++";
				CLANG_ENABLE_MODULES = YES;
				CLANG_ENABLE_OBJC_ARC = YES;
				CLANG_ENABLE_OBJC_WEAK = YES;
				CLANG_WARN_BLOCK_CAPTURE_AUTORELEASING = YES;
				CLANG_WARN_BOOL_CONVERSION = YES;
				CLANG_WARN_COMMA = YES;
				CLANG_WARN_CONSTANT_CONVERSION = YES;
				CLANG_WARN_DEPRECATED_OBJC_IMPLEMENTATIONS = YES;
				CLANG_WARN_DIRECT_OBJC_ISA_USAGE = YES_ERROR;
				CLANG_WARN_DOCUMENTATION_COMMENTS = YES;
				CLANG_WARN_EMPTY_BODY = YES;
				CLANG_WARN_ENUM_CONVERSION = YES;
				CLANG_WARN_INFINITE_RECURSION = YES;
				CLANG_WARN_INT_CONVERSION = YES;
				CLANG_WARN_NON_LITERAL_NULL_CONVERSION = YES;
				CLANG_WARN_OBJC_IMPLICIT_RETAIN_SELF = YES;
				CLANG_WARN_OBJC_LITERAL_CONVERSION = YES;
				CLANG_WARN_OBJC_ROOT_CLASS = YES_ERROR;
				CLANG_WARN_QUOTED_INCLUDE_IN_FRAMEWORK_HEADER = YES;
				CLANG_WARN_RANGE_LOOP_ANALYSIS = YES;
				CLANG_WARN_STRICT_PROTOTYPES = YES;
				CLANG_WARN_SUSPICIOUS_MOVE = YES;
				CLANG_WARN_UNGUARDED_AVAILABILITY = YES_AGGRESSIVE;
				CLANG_WARN_UNREACHABLE_CODE = YES;
				CLANG_WARN__DUPLICATE_METHOD_MATCH = YES;
				COPY_PHASE_STRIP = NO;
				DEBUG_INFORMATION_FORMAT = dwarf;
				ENABLE_STRICT_OBJC_MSGSEND = YES;
				ENABLE_TESTABILITY = YES;
				GCC_C_LANGUAGE_STANDARD = gnu11;
				GCC_DYNAMIC_NO_PIC = NO;
				GCC_NO_COMMON_BLOCKS = YES;
				GCC_OPTIMIZATION_LEVEL = 0;
				GCC_PREPROCESSOR_DEFINITIONS = (
					"DEBUG=1",
					"$(inherited)",
				);
				GCC_WARN_64_TO_32_BIT_CONVERSION = YES;
				GCC_WARN_ABOUT_RETURN_TYPE = YES_ERROR;
				GCC_WARN_UNDECLARED_SELECTOR = YES;
				GCC_WARN_UNINITIALIZED_AUTOS = YES_AGGRESSIVE;
				GCC_WARN_UNUSED_FUNCTION = YES;
				GCC_WARN_UNUSED_VARIABLE = YES;
				IPHONEOS_DEPLOYMENT_TARGET = 14.1;
				MTL_ENABLE_DEBUG_INFO = INCLUDE_SOURCE;
				MTL_FAST_MATH = YES;
				ONLY_ACTIVE_ARCH = YES;
				SDKROOT = iphoneos;
				SWIFT_ACTIVE_COMPILATION_CONDITIONS = DEBUG;
				SWIFT_OPTIMIZATION_LEVEL = "-Onone";
			};
			name = Debug;
		};
		BC6E1E6A25509B650075B4C7 /* Release */ = {
			isa = XCBuildConfiguration;
			buildSettings = {
				ALWAYS_SEARCH_USER_PATHS = NO;
				CLANG_ANALYZER_NONNULL = YES;
				CLANG_ANALYZER_NUMBER_OBJECT_CONVERSION = YES_AGGRESSIVE;
				CLANG_CXX_LANGUAGE_STANDARD = "gnu++14";
				CLANG_CXX_LIBRARY = "libc++";
				CLANG_ENABLE_MODULES = YES;
				CLANG_ENABLE_OBJC_ARC = YES;
				CLANG_ENABLE_OBJC_WEAK = YES;
				CLANG_WARN_BLOCK_CAPTURE_AUTORELEASING = YES;
				CLANG_WARN_BOOL_CONVERSION = YES;
				CLANG_WARN_COMMA = YES;
				CLANG_WARN_CONSTANT_CONVERSION = YES;
				CLANG_WARN_DEPRECATED_OBJC_IMPLEMENTATIONS = YES;
				CLANG_WARN_DIRECT_OBJC_ISA_USAGE = YES_ERROR;
				CLANG_WARN_DOCUMENTATION_COMMENTS = YES;
				CLANG_WARN_EMPTY_BODY = YES;
				CLANG_WARN_ENUM_CONVERSION = YES;
				CLANG_WARN_INFINITE_RECURSION = YES;
				CLANG_WARN_INT_CONVERSION = YES;
				CLANG_WARN_NON_LITERAL_NULL_CONVERSION = YES;
				CLANG_WARN_OBJC_IMPLICIT_RETAIN_SELF = YES;
				CLANG_WARN_OBJC_LITERAL_CONVERSION = YES;
				CLANG_WARN_OBJC_ROOT_CLASS = YES_ERROR;
				CLANG_WARN_QUOTED_INCLUDE_IN_FRAMEWORK_HEADER = YES;
				CLANG_WARN_RANGE_LOOP_ANALYSIS = YES;
				CLANG_WARN_STRICT_PROTOTYPES = YES;
				CLANG_WARN_SUSPICIOUS_MOVE = YES;
				CLANG_WARN_UNGUARDED_AVAILABILITY = YES_AGGRESSIVE;
				CLANG_WARN_UNREACHABLE_CODE = YES;
				CLANG_WARN__DUPLICATE_METHOD_MATCH = YES;
				COPY_PHASE_STRIP = NO;
				DEBUG_INFORMATION_FORMAT = "dwarf-with-dsym";
				ENABLE_NS_ASSERTIONS = NO;
				ENABLE_STRICT_OBJC_MSGSEND = YES;
				GCC_C_LANGUAGE_STANDARD = gnu11;
				GCC_NO_COMMON_BLOCKS = YES;
				GCC_WARN_64_TO_32_BIT_CONVERSION = YES;
				GCC_WARN_ABOUT_RETURN_TYPE = YES_ERROR;
				GCC_WARN_UNDECLARED_SELECTOR = YES;
				GCC_WARN_UNINITIALIZED_AUTOS = YES_AGGRESSIVE;
				GCC_WARN_UNUSED_FUNCTION = YES;
				GCC_WARN_UNUSED_VARIABLE = YES;
				IPHONEOS_DEPLOYMENT_TARGET = 14.1;
				MTL_ENABLE_DEBUG_INFO = NO;
				MTL_FAST_MATH = YES;
				SDKROOT = iphoneos;
				SWIFT_COMPILATION_MODE = wholemodule;
				SWIFT_OPTIMIZATION_LEVEL = "-O";
				VALIDATE_PRODUCT = YES;
			};
			name = Release;
		};
		BC6E1E6C25509B650075B4C7 /* Debug */ = {
			isa = XCBuildConfiguration;
			baseConfigurationReference = B182C36F640FCBB343981705 /* Pods-LoginWithRxSwift.debug.xcconfig */;
			buildSettings = {
				ASSETCATALOG_COMPILER_APPICON_NAME = AppIcon;
				ASSETCATALOG_COMPILER_GLOBAL_ACCENT_COLOR_NAME = AccentColor;
				CODE_SIGN_STYLE = Automatic;
				DEVELOPMENT_TEAM = VF7VYA94WY;
				INFOPLIST_FILE = LoginWithRxSwift/Info.plist;
				LD_RUNPATH_SEARCH_PATHS = (
					"$(inherited)",
					"@executable_path/Frameworks",
				);
				PRODUCT_BUNDLE_IDENTIFIER = com.abstec.LoginWithRxSwift;
				PRODUCT_NAME = "$(TARGET_NAME)";
				SWIFT_VERSION = 5.0;
				TARGETED_DEVICE_FAMILY = "1,2";
			};
			name = Debug;
		};
		BC6E1E6D25509B650075B4C7 /* Release */ = {
			isa = XCBuildConfiguration;
			baseConfigurationReference = F43E33A4D2DC80F69DB847F2 /* Pods-LoginWithRxSwift.release.xcconfig */;
			buildSettings = {
				ASSETCATALOG_COMPILER_APPICON_NAME = AppIcon;
				ASSETCATALOG_COMPILER_GLOBAL_ACCENT_COLOR_NAME = AccentColor;
				CODE_SIGN_STYLE = Automatic;
				DEVELOPMENT_TEAM = VF7VYA94WY;
				INFOPLIST_FILE = LoginWithRxSwift/Info.plist;
				LD_RUNPATH_SEARCH_PATHS = (
					"$(inherited)",
					"@executable_path/Frameworks",
				);
				PRODUCT_BUNDLE_IDENTIFIER = com.abstec.LoginWithRxSwift;
				PRODUCT_NAME = "$(TARGET_NAME)";
				SWIFT_VERSION = 5.0;
				TARGETED_DEVICE_FAMILY = "1,2";
			};
			name = Release;
		};
/* End XCBuildConfiguration section */

/* Begin XCConfigurationList section */
		BC6E1E5225509B630075B4C7 /* Build configuration list for PBXProject "LoginWithRxSwift" */ = {
			isa = XCConfigurationList;
			buildConfigurations = (
				BC6E1E6925509B650075B4C7 /* Debug */,
				BC6E1E6A25509B650075B4C7 /* Release */,
			);
			defaultConfigurationIsVisible = 0;
			defaultConfigurationName = Release;
		};
		BC6E1E6B25509B650075B4C7 /* Build configuration list for PBXNativeTarget "LoginWithRxSwift" */ = {
			isa = XCConfigurationList;
			buildConfigurations = (
				BC6E1E6C25509B650075B4C7 /* Debug */,
				BC6E1E6D25509B650075B4C7 /* Release */,
			);
			defaultConfigurationIsVisible = 0;
			defaultConfigurationName = Release;
		};
/* End XCConfigurationList section */
	};
	rootObject = BC6E1E4F25509B630075B4C7 /* Project object */;
}
